
Microsoft Visual Studio Solution File, Format Version 12.00
# Visual Studio 14
VisualStudioVersion = 14.0.25420.1
MinimumVisualStudioVersion = 10.0.40219.1
Project("{FAE04EC0-301F-11D3-BF4B-00C04F79EFBC}") = "lab4-mytry1", "lab4-mytry1\lab4-mytry1.csproj", "{EEED26F5-8C80-47EC-85DF-A852B8E348D4}"
EndProject
Global
	GlobalSection(SolutionConfigurationPlatforms) = preSolution
		Debug|Any CPU = Debug|Any CPU
		Release|Any CPU = Release|Any CPU
	EndGlobalSection
	GlobalSection(ProjectConfigurationPlatforms) = postSolution
		{EEED26F5-8C80-47EC-85DF-A852B8E348D4}.Debug|Any CPU.ActiveCfg = Debug|Any CPU
		{EEED26F5-8C80-47EC-85DF-A852B8E348D4}.Debug|Any CPU.Build.0 = Debug|Any CPU
		{EEED26F5-8C80-47EC-85DF-A852B8E348D4}.Release|Any CPU.ActiveCfg = Release|Any CPU
		{EEED26F5-8C80-47EC-85DF-A852B8E348D4}.Release|Any CPU.Build.0 = Release|Any CPU
	EndGlobalSection
	GlobalSection(SolutionProperties) = preSolution
		HideSolutionNode = FALSE
	EndGlobalSection
EndGlobal
